<?xml version="1.0" encoding="utf-8"?>
<Project ToolsVersion="4.0" xmlns="http://schemas.microsoft.com/developer/msbuild/2003">
  <ItemGroup>
    <Filter Include="ソース ファイル">
      <UniqueIdentifier>{4FC737F1-C7A5-4376-A066-2A32D752A2FF}</UniqueIdentifier>
      <Extensions>cpp;c;cc;cxx;def;odl;idl;hpj;bat;asm;asmx</Extensions>
    </Filter>
    <Filter Include="リソース ファイル">
      <UniqueIdentifier>{67DA6AB6-F800-4c08-8B7A-83BB121AAD01}</UniqueIdentifier>
      <Extensions>rc;ico;cur;bmp;dlg;rc2;rct;bin;rgs;gif;jpg;jpeg;jpe;resx;tiff;tif;png;wav;mfcribbon-ms</Extensions>
    </Filter>
  </ItemGroup>
  <ItemGroup>
    <ClCompile Include="zma.cpp">
      <Filter>ソース ファイル</Filter>
    </ClCompile>
    <ClCompile Include="zma_text.cpp">
      <Filter>ソース ファイル</Filter>
    </ClCompile>
    <ClCompile Include="zma_parse.cpp">
      <Filter>ソース ファイル</Filter>
    </ClCompile>
    <ClCompile Include="zma_information.cpp">
      <Filter>ソース ファイル</Filter>
    </ClCompile>
    <ClCompile Include="zma_parse_expression.cpp">
      <Filter>ソース ファイル</Filter>
    </ClCompile>
    <ClCompile Include="zma_parse_process.cpp">
      <Filter>ソース ファイル</Filter>
    </ClCompile>
    <ClCompile Include="sub\zma_parse_process_align.cpp">
      <Filter>ソース ファイル</Filter>
    </ClCompile>
    <ClCompile Include="sub\zma_parse_process_user_error.cpp">
      <Filter>ソース ファイル</Filter>
    </ClCompile>
    <ClCompile Include="sub\zma_parse_process_user_message.cpp">
      <Filter>ソース ファイル</Filter>
    </ClCompile>
    <ClCompile Include="sub\zma_parse_process_add_include_path.cpp">
      <Filter>ソース ファイル</Filter>
    </ClCompile>
    <ClCompile Include="sub\zma_parse_process_space.cpp">
      <Filter>ソース ファイル</Filter>
    </ClCompile>
    <ClCompile Include="sub\zma_parse_process_blank.cpp">
      <Filter>ソース ファイル</Filter>
    </ClCompile>
    <ClCompile Include="sub\zma_parse_process_macro.cpp">
      <Filter>ソース ファイル</Filter>
    </ClCompile>
    <ClCompile Include="sub\zma_parse_process_label.cpp">
      <Filter>ソース ファイル</Filter>
    </ClCompile>
    <ClCompile Include="sub\zma_parse_process_global_label.cpp">
      <Filter>ソース ファイル</Filter>
    </ClCompile>
    <ClCompile Include="sub\zma_parse_process_endscope.cpp">
      <Filter>ソース ファイル</Filter>
    </ClCompile>
    <ClCompile Include="sub\zma_parse_process_global_symbol.cpp">
      <Filter>ソース ファイル</Filter>
    </ClCompile>
    <ClCompile Include="sub\zma_parse_process_scope.cpp">
      <Filter>ソース ファイル</Filter>
    </ClCompile>
    <ClCompile Include="sub\zma_parse_process_symbol.cpp">
      <Filter>ソース ファイル</Filter>
    </ClCompile>
    <ClCompile Include="sub\zma_parse_process_binary_link.cpp">
      <Filter>ソース ファイル</Filter>
    </ClCompile>
    <ClCompile Include="sub\zma_parse_process_defb.cpp">
      <Filter>ソース ファイル</Filter>
    </ClCompile>
    <ClCompile Include="sub\zma_parse_process_defd.cpp">
      <Filter>ソース ファイル</Filter>
    </ClCompile>
    <ClCompile Include="sub\zma_parse_process_defw.cpp">
      <Filter>ソース ファイル</Filter>
    </ClCompile>
    <ClCompile Include="sub\zma_parse_process_defs.cpp">
      <Filter>ソース ファイル</Filter>
    </ClCompile>
    <ClCompile Include="sub\zma_parse_process_org.cpp">
      <Filter>ソース ファイル</Filter>
    </ClCompile>
    <ClCompile Include="sub\zma_parse_process_ld.cpp">
      <Filter>ソース ファイル</Filter>
    </ClCompile>
    <ClCompile Include="sub\zma_parse_process_ldd.cpp">
      <Filter>ソース ファイル</Filter>
    </ClCompile>
    <ClCompile Include="sub\zma_parse_process_lddr.cpp">
      <Filter>ソース ファイル</Filter>
    </ClCompile>
    <ClCompile Include="sub\zma_parse_process_ldi.cpp">
      <Filter>ソース ファイル</Filter>
    </ClCompile>
    <ClCompile Include="sub\zma_parse_process_ldir.cpp">
      <Filter>ソース ファイル</Filter>
    </ClCompile>
    <ClCompile Include="sub\zma_parse_process_ex.cpp">
      <Filter>ソース ファイル</Filter>
    </ClCompile>
    <ClCompile Include="sub\zma_parse_process_exx.cpp">
      <Filter>ソース ファイル</Filter>
    </ClCompile>
    <ClCompile Include="sub\zma_parse_process_pop.cpp">
      <Filter>ソース ファイル</Filter>
    </ClCompile>
    <ClCompile Include="sub\zma_parse_process_push.cpp">
      <Filter>ソース ファイル</Filter>
    </ClCompile>
    <ClCompile Include="sub\zma_parse_process_adc.cpp">
      <Filter>ソース ファイル</Filter>
    </ClCompile>
    <ClCompile Include="sub\zma_parse_process_add.cpp">
      <Filter>ソース ファイル</Filter>
    </ClCompile>
    <ClCompile Include="sub\zma_parse_process_and.cpp">
      <Filter>ソース ファイル</Filter>
    </ClCompile>
    <ClCompile Include="sub\zma_parse_process_bit.cpp">
      <Filter>ソース ファイル</Filter>
    </ClCompile>
    <ClCompile Include="sub\zma_parse_process_call.cpp">
      <Filter>ソース ファイル</Filter>
    </ClCompile>
    <ClCompile Include="sub\zma_parse_process_ccf.cpp">
      <Filter>ソース ファイル</Filter>
    </ClCompile>
    <ClCompile Include="sub\zma_parse_process_cp.cpp">
      <Filter>ソース ファイル</Filter>
    </ClCompile>
    <ClCompile Include="sub\zma_parse_process_cpd.cpp">
      <Filter>ソース ファイル</Filter>
    </ClCompile>
    <ClCompile Include="sub\zma_parse_process_cpdr.cpp">
      <Filter>ソース ファイル</Filter>
    </ClCompile>
    <ClCompile Include="sub\zma_parse_process_cpi.cpp">
      <Filter>ソース ファイル</Filter>
    </ClCompile>
    <ClCompile Include="sub\zma_parse_process_cpir.cpp">
      <Filter>ソース ファイル</Filter>
    </ClCompile>
    <ClCompile Include="sub\zma_parse_process_cpl.cpp">
      <Filter>ソース ファイル</Filter>
    </ClCompile>
    <ClCompile Include="sub\zma_parse_process_daa.cpp">
      <Filter>ソース ファイル</Filter>
    </ClCompile>
    <ClCompile Include="sub\zma_parse_process_dec.cpp">
      <Filter>ソース ファイル</Filter>
    </ClCompile>
    <ClCompile Include="sub\zma_parse_process_di.cpp">
      <Filter>ソース ファイル</Filter>
    </ClCompile>
    <ClCompile Include="sub\zma_parse_process_djnz.cpp">
      <Filter>ソース ファイル</Filter>
    </ClCompile>
    <ClCompile Include="sub\zma_parse_process_ei.cpp">
      <Filter>ソース ファイル</Filter>
    </ClCompile>
    <ClCompile Include="sub\zma_parse_process_halt.cpp">
      <Filter>ソース ファイル</Filter>
    </ClCompile>
    <ClCompile Include="sub\zma_parse_process_if.cpp">
      <Filter>ソース ファイル</Filter>
    </ClCompile>
    <ClCompile Include="sub\zma_parse_process_im0.cpp">
      <Filter>ソース ファイル</Filter>
    </ClCompile>
    <ClCompile Include="sub\zma_parse_process_im1.cpp">
      <Filter>ソース ファイル</Filter>
    </ClCompile>
    <ClCompile Include="sub\zma_parse_process_im2.cpp">
      <Filter>ソース ファイル</Filter>
    </ClCompile>
    <ClCompile Include="sub\zma_parse_process_in.cpp">
      <Filter>ソース ファイル</Filter>
    </ClCompile>
    <ClCompile Include="sub\zma_parse_process_inc.cpp">
      <Filter>ソース ファイル</Filter>
    </ClCompile>
    <ClCompile Include="sub\zma_parse_process_ind.cpp">
      <Filter>ソース ファイル</Filter>
    </ClCompile>
    <ClCompile Include="sub\zma_parse_process_indr.cpp">
      <Filter>ソース ファイル</Filter>
    </ClCompile>
    <ClCompile Include="sub\zma_parse_process_ini.cpp">
      <Filter>ソース ファイル</Filter>
    </ClCompile>
    <ClCompile Include="sub\zma_parse_process_inir.cpp">
      <Filter>ソース ファイル</Filter>
    </ClCompile>
    <ClCompile Include="sub\zma_parse_process_jp.cpp">
      <Filter>ソース ファイル</Filter>
    </ClCompile>
    <ClCompile Include="sub\zma_parse_process_jr.cpp">
      <Filter>ソース ファイル</Filter>
    </ClCompile>
    <ClCompile Include="sub\zma_parse_process_mulub.cpp">
      <Filter>ソース ファイル</Filter>
    </ClCompile>
    <ClCompile Include="sub\zma_parse_process_muluw.cpp">
      <Filter>ソース ファイル</Filter>
    </ClCompile>
    <ClCompile Include="sub\zma_parse_process_neg.cpp">
      <Filter>ソース ファイル</Filter>
    </ClCompile>
    <ClCompile Include="sub\zma_parse_process_nop.cpp">
      <Filter>ソース ファイル</Filter>
    </ClCompile>
    <ClCompile Include="sub\zma_parse_process_or.cpp">
      <Filter>ソース ファイル</Filter>
    </ClCompile>
    <ClCompile Include="sub\zma_parse_process_otdr.cpp">
      <Filter>ソース ファイル</Filter>
    </ClCompile>
    <ClCompile Include="sub\zma_parse_process_otir.cpp">
      <Filter>ソース ファイル</Filter>
    </ClCompile>
    <ClCompile Include="sub\zma_parse_process_out.cpp">
      <Filter>ソース ファイル</Filter>
    </ClCompile>
    <ClCompile Include="sub\zma_parse_process_outd.cpp">
      <Filter>ソース ファイル</Filter>
    </ClCompile>
    <ClCompile Include="sub\zma_parse_process_outi.cpp">
      <Filter>ソース ファイル</Filter>
    </ClCompile>
    <ClCompile Include="sub\zma_parse_process_res.cpp">
      <Filter>ソース ファイル</Filter>
    </ClCompile>
    <ClCompile Include="sub\zma_parse_process_ret.cpp">
      <Filter>ソース ファイル</Filter>
    </ClCompile>
    <ClCompile Include="sub\zma_parse_process_reti.cpp">
      <Filter>ソース ファイル</Filter>
    </ClCompile>
    <ClCompile Include="sub\zma_parse_process_retn.cpp">
      <Filter>ソース ファイル</Filter>
    </ClCompile>
    <ClCompile Include="sub\zma_parse_process_rla.cpp">
      <Filter>ソース ファイル</Filter>
    </ClCompile>
    <ClCompile Include="sub\zma_parse_process_rlc.cpp">
      <Filter>ソース ファイル</Filter>
    </ClCompile>
    <ClCompile Include="sub\zma_parse_process_rlca.cpp">
      <Filter>ソース ファイル</Filter>
    </ClCompile>
    <ClCompile Include="sub\zma_parse_process_rld.cpp">
      <Filter>ソース ファイル</Filter>
    </ClCompile>
    <ClCompile Include="sub\zma_parse_process_rr.cpp">
      <Filter>ソース ファイル</Filter>
    </ClCompile>
    <ClCompile Include="sub\zma_parse_process_rra.cpp">
      <Filter>ソース ファイル</Filter>
    </ClCompile>
    <ClCompile Include="sub\zma_parse_process_rrc.cpp">
      <Filter>ソース ファイル</Filter>
    </ClCompile>
    <ClCompile Include="sub\zma_parse_process_rrca.cpp">
      <Filter>ソース ファイル</Filter>
    </ClCompile>
    <ClCompile Include="sub\zma_parse_process_rrd.cpp">
      <Filter>ソース ファイル</Filter>
    </ClCompile>
    <ClCompile Include="sub\zma_parse_process_rst.cpp">
      <Filter>ソース ファイル</Filter>
    </ClCompile>
    <ClCompile Include="sub\zma_parse_process_sbc.cpp">
      <Filter>ソース ファイル</Filter>
    </ClCompile>
    <ClCompile Include="sub\zma_parse_process_scf.cpp">
      <Filter>ソース ファイル</Filter>
    </ClCompile>
    <ClCompile Include="sub\zma_parse_process_set.cpp">
      <Filter>ソース ファイル</Filter>
    </ClCompile>
    <ClCompile Include="sub\zma_parse_process_sla.cpp">
      <Filter>ソース ファイル</Filter>
    </ClCompile>
    <ClCompile Include="sub\zma_parse_process_sll.cpp">
      <Filter>ソース ファイル</Filter>
    </ClCompile>
    <ClCompile Include="sub\zma_parse_process_sra.cpp">
      <Filter>ソース ファイル</Filter>
    </ClCompile>
    <ClCompile Include="sub\zma_parse_process_srl.cpp">
      <Filter>ソース ファイル</Filter>
    </ClCompile>
    <ClCompile Include="sub\zma_parse_process_sub.cpp">
      <Filter>ソース ファイル</Filter>
    </ClCompile>
    <ClCompile Include="sub\zma_parse_process_xor.cpp">
      <Filter>ソース ファイル</Filter>
    </ClCompile>
    <ClCompile Include="sub\zma_parse_process_rl.cpp">
      <Filter>ソース ファイル</Filter>
    </ClCompile>
    <ClCompile Include="sub\zma_parse_process_error.cpp">
      <Filter>ソース ファイル</Filter>
    </ClCompile>
    <ClCompile Include="sub\zma_parse_process_include.cpp">
      <Filter>ソース ファイル</Filter>
    </ClCompile>
    <ClCompile Include="sub\zma_parse_process_repeat.cpp">
      <Filter>ソース ファイル</Filter>
    </ClCompile>
    <ClCompile Include="zma_logger.cpp">
      <Filter>ソース ファイル</Filter>
    </ClCompile>
    <ClCompile Include="sub\zma_parse_process_container.cpp">
      <Filter>ソース ファイル</Filter>
    </ClCompile>
    <ClCompile Include="sub\zma_parse_process_chg_char_set.cpp">
      <Filter>ソース ファイル</Filter>
    </ClCompile>
    <ClCompile Include="zma_error.cpp">
      <Filter>ソース ファイル</Filter>
    </ClCompile>
  </ItemGroup>
  <ItemGroup>
    <ClInclude Include="zma_text.hpp" />
    <ClInclude Include="zma_parse.hpp" />
    <ClInclude Include="zma_information.hpp" />
    <ClInclude Include="zma_parse_process.hpp" />
    <ClInclude Include="sub\zma_parse_process_align.hpp" />
    <ClInclude Include="sub\zma_parse_process_user_error.hpp" />
    <ClInclude Include="sub\zma_parse_process_user_message.hpp" />
    <ClInclude Include="sub\zma_parse_process_add_include_path.hpp" />
    <ClInclude Include="sub\zma_parse_process_space.hpp" />
    <ClInclude Include="sub\zma_parse_process_blank.hpp" />
    <ClInclude Include="sub\zma_parse_process_macro.hpp" />
    <ClInclude Include="sub\zma_parse_process_label.hpp" />
    <ClInclude Include="sub\zma_parse_process_global_label.hpp" />
    <ClInclude Include="sub\zma_parse_process_endscope.hpp" />
    <ClInclude Include="sub\zma_parse_process_global_symbol.hpp" />
    <ClInclude Include="sub\zma_parse_process_scope.hpp" />
    <ClInclude Include="sub\zma_parse_process_symbol.hpp" />
    <ClInclude Include="sub\zma_parse_process_binary_link.hpp" />
    <ClInclude Include="sub\zma_parse_process_defb.hpp" />
    <ClInclude Include="sub\zma_parse_process_defd.hpp" />
    <ClInclude Include="sub\zma_parse_process_defw.hpp" />
    <ClInclude Include="sub\zma_parse_process_defs.hpp" />
    <ClInclude Include="sub\zma_parse_process_org.hpp" />
    <ClInclude Include="sub\zma_parse_process_ld.hpp" />
    <ClInclude Include="sub\zma_parse_process_ldd.hpp" />
    <ClInclude Include="sub\zma_parse_process_lddr.hpp" />
    <ClInclude Include="sub\zma_parse_process_ldi.hpp" />
    <ClInclude Include="sub\zma_parse_process_ldir.hpp" />
    <ClInclude Include="sub\zma_parse_process_ex.hpp" />
    <ClInclude Include="sub\zma_parse_process_exx.hpp" />
    <ClInclude Include="sub\zma_parse_process_pop.hpp" />
    <ClInclude Include="sub\zma_parse_process_push.hpp" />
    <ClInclude Include="sub\zma_parse_process_adc.hpp" />
    <ClInclude Include="sub\zma_parse_process_add.hpp" />
    <ClInclude Include="sub\zma_parse_process_and.hpp" />
    <ClInclude Include="sub\zma_parse_process_bit.hpp" />
    <ClInclude Include="sub\zma_parse_process_call.hpp" />
    <ClInclude Include="sub\zma_parse_process_ccf.hpp" />
    <ClInclude Include="sub\zma_parse_process_cp.hpp" />
    <ClInclude Include="sub\zma_parse_process_cpd.hpp" />
    <ClInclude Include="sub\zma_parse_process_cpdr.hpp" />
    <ClInclude Include="sub\zma_parse_process_cpi.hpp" />
    <ClInclude Include="sub\zma_parse_process_cpir.hpp" />
    <ClInclude Include="sub\zma_parse_process_cpl.hpp" />
    <ClInclude Include="sub\zma_parse_process_daa.hpp" />
    <ClInclude Include="sub\zma_parse_process_dec.hpp" />
    <ClInclude Include="sub\zma_parse_process_di.hpp" />
    <ClInclude Include="sub\zma_parse_process_djnz.hpp" />
    <ClInclude Include="sub\zma_parse_process_ei.hpp" />
    <ClInclude Include="sub\zma_parse_process_halt.hpp" />
    <ClInclude Include="sub\zma_parse_process_if.hpp" />
    <ClInclude Include="sub\zma_parse_process_im0.hpp" />
    <ClInclude Include="sub\zma_parse_process_im1.hpp" />
    <ClInclude Include="sub\zma_parse_process_im2.hpp" />
    <ClInclude Include="sub\zma_parse_process_in.hpp" />
    <ClInclude Include="sub\zma_parse_process_inc.hpp" />
    <ClInclude Include="sub\zma_parse_process_ind.hpp" />
    <ClInclude Include="sub\zma_parse_process_indr.hpp" />
    <ClInclude Include="sub\zma_parse_process_ini.hpp" />
    <ClInclude Include="sub\zma_parse_process_inir.hpp" />
    <ClInclude Include="sub\zma_parse_process_jp.hpp" />
    <ClInclude Include="sub\zma_parse_process_jr.hpp" />
    <ClInclude Include="sub\zma_parse_process_mulub.hpp" />
    <ClInclude Include="sub\zma_parse_process_muluw.hpp" />
    <ClInclude Include="sub\zma_parse_process_neg.hpp" />
    <ClInclude Include="sub\zma_parse_process_nop.hpp" />
    <ClInclude Include="sub\zma_parse_process_or.hpp" />
    <ClInclude Include="sub\zma_parse_process_otdr.hpp" />
    <ClInclude Include="sub\zma_parse_process_otir.hpp" />
    <ClInclude Include="sub\zma_parse_process_out.hpp" />
    <ClInclude Include="sub\zma_parse_process_outd.hpp" />
    <ClInclude Include="sub\zma_parse_process_outi.hpp" />
    <ClInclude Include="sub\zma_parse_process_res.hpp" />
    <ClInclude Include="sub\zma_parse_process_ret.hpp" />
    <ClInclude Include="sub\zma_parse_process_reti.hpp" />
    <ClInclude Include="sub\zma_parse_process_retn.hpp" />
    <ClInclude Include="sub\zma_parse_process_rla.hpp" />
    <ClInclude Include="sub\zma_parse_process_rlc.hpp" />
    <ClInclude Include="sub\zma_parse_process_rlca.hpp" />
    <ClInclude Include="sub\zma_parse_process_rld.hpp" />
    <ClInclude Include="sub\zma_parse_process_rr.hpp" />
    <ClInclude Include="sub\zma_parse_process_rra.hpp" />
    <ClInclude Include="sub\zma_parse_process_rrc.hpp" />
    <ClInclude Include="sub\zma_parse_process_rrca.hpp" />
    <ClInclude Include="sub\zma_parse_process_rrd.hpp" />
    <ClInclude Include="sub\zma_parse_process_rst.hpp" />
    <ClInclude Include="sub\zma_parse_process_sbc.hpp" />
    <ClInclude Include="sub\zma_parse_process_scf.hpp" />
    <ClInclude Include="sub\zma_parse_process_set.hpp" />
    <ClInclude Include="sub\zma_parse_process_sla.hpp" />
    <ClInclude Include="sub\zma_parse_process_sll.hpp" />
    <ClInclude Include="sub\zma_parse_process_sra.hpp" />
    <ClInclude Include="sub\zma_parse_process_srl.hpp" />
    <ClInclude Include="sub\zma_parse_process_sub.hpp" />
    <ClInclude Include="sub\zma_parse_process_xor.hpp" />
    <ClInclude Include="sub\zma_parse_process_rl.hpp" />
    <ClInclude Include="sub\zma_parse_process_error.hpp" />
    <ClInclude Include="sub\zma_parse_process_include.hpp" />
    <ClInclude Include="sub\zma_parse_process_repeat.hpp" />
    <ClInclude Include="zma_logger.hpp" />
    <ClInclude Include="sub\zma_parse_process_container.hpp" />
    <ClInclude Include="sub\zma_parse_process_chg_char_set.hpp" />
    <ClInclude Include="zma_error.hpp" />
  </ItemGroup>
</Project>